
Microsoft Visual Studio Solution File, Format Version 11.00
# Visual C# Express 2010
Project("{FAE04EC0-301F-11D3-BF4B-00C04F79EFBC}") = "Bombard", "Bombard\Bombard.csproj", "{8CE5BCCD-04F3-4A21-92D2-0176ADB531C3}"
EndProject
Project("{FAE04EC0-301F-11D3-BF4B-00C04F79EFBC}") = "BombardEngine", "BombardEngine\BombardEngine.csproj", "{E199C9F5-9C8F-48FB-BC80-F2B254D838EE}"
EndProject
Project("{FAE04EC0-301F-11D3-BF4B-00C04F79EFBC}") = "LinearMaths", "LinearMaths\LinearMaths.csproj", "{C4EC975A-F8D9-45FB-9BE1-39D28C74A5B7}"
EndProject
Project("{FAE04EC0-301F-11D3-BF4B-00C04F79EFBC}") = "ViewSpace", "ViewSpace\ViewSpace.csproj", "{83ADED90-1A93-4253-91FE-C1A227758E05}"
EndProject
Global
	GlobalSection(SolutionConfigurationPlatforms) = preSolution
		Debug|Any CPU = Debug|Any CPU
		Release|Any CPU = Release|Any CPU
	EndGlobalSection
	GlobalSection(ProjectConfigurationPlatforms) = postSolution
		{8CE5BCCD-04F3-4A21-92D2-0176ADB531C3}.Debug|Any CPU.ActiveCfg = Debug|Any CPU
		{8CE5BCCD-04F3-4A21-92D2-0176ADB531C3}.Debug|Any CPU.Build.0 = Debug|Any CPU
		{8CE5BCCD-04F3-4A21-92D2-0176ADB531C3}.Release|Any CPU.ActiveCfg = Release|Any CPU
		{8CE5BCCD-04F3-4A21-92D2-0176ADB531C3}.Release|Any CPU.Build.0 = Release|Any CPU
		{E199C9F5-9C8F-48FB-BC80-F2B254D838EE}.Debug|Any CPU.ActiveCfg = Debug|Any CPU
		{E199C9F5-9C8F-48FB-BC80-F2B254D838EE}.Debug|Any CPU.Build.0 = Debug|Any CPU
		{E199C9F5-9C8F-48FB-BC80-F2B254D838EE}.Release|Any CPU.ActiveCfg = Release|Any CPU
		{E199C9F5-9C8F-48FB-BC80-F2B254D838EE}.Release|Any CPU.Build.0 = Release|Any CPU
		{C4EC975A-F8D9-45FB-9BE1-39D28C74A5B7}.Debug|Any CPU.ActiveCfg = Debug|Any CPU
		{C4EC975A-F8D9-45FB-9BE1-39D28C74A5B7}.Debug|Any CPU.Build.0 = Debug|Any CPU
		{C4EC975A-F8D9-45FB-9BE1-39D28C74A5B7}.Release|Any CPU.ActiveCfg = Release|Any CPU
		{C4EC975A-F8D9-45FB-9BE1-39D28C74A5B7}.Release|Any CPU.Build.0 = Release|Any CPU
		{83ADED90-1A93-4253-91FE-C1A227758E05}.Debug|Any CPU.ActiveCfg = Debug|Any CPU
		{83ADED90-1A93-4253-91FE-C1A227758E05}.Debug|Any CPU.Build.0 = Debug|Any CPU
		{83ADED90-1A93-4253-91FE-C1A227758E05}.Release|Any CPU.ActiveCfg = Release|Any CPU
		{83ADED90-1A93-4253-91FE-C1A227758E05}.Release|Any CPU.Build.0 = Release|Any CPU
	EndGlobalSection
	GlobalSection(SolutionProperties) = preSolution
		HideSolutionNode = FALSE
	EndGlobalSection
EndGlobal
